{
    "version": 3,
    "terraform_version": "0.11.7",
    "serial": 1,
    "lineage": "e5fb4bf0-f8ab-7a98-a219-8aa3a94326d3",
    "modules": [
        {
            "path": [
                "root"
            ],
            "outputs": {},
            "resources": {
                "google_compute_firewall.fw-ci-srvr": {
                    "type": "google_compute_firewall",
                    "depends_on": [],
                    "primary": {
                        "id": "fw-ci-srvr-allow-internal",
                        "attributes": {
                            "allow.#": "3",
                            "allow.1367131964.ports.#": "0",
                            "allow.1367131964.protocol": "icmp",
                            "allow.1486604749.ports.#": "0",
                            "allow.1486604749.protocol": "udp",
                            "allow.233667356.ports.#": "4",
                            "allow.233667356.ports.0": "8080",
                            "allow.233667356.ports.1": "80",
                            "allow.233667356.ports.2": "443",
                            "allow.233667356.ports.3": "22",
                            "allow.233667356.protocol": "tcp",
                            "deny.#": "0",
                            "description": "",
                            "destination_ranges.#": "0",
                            "direction": "INGRESS",
                            "id": "fw-ci-srvr-allow-internal",
                            "name": "fw-ci-srvr-allow-internal",
                            "network": "https://www.googleapis.com/compute/v1/projects/httpd-service-container/global/networks/default",
                            "priority": "1000",
                            "project": "httpd-service-container",
                            "self_link": "https://www.googleapis.com/compute/v1/projects/httpd-service-container/global/firewalls/fw-ci-srvr-allow-internal",
                            "source_ranges.#": "1",
                            "source_ranges.1080289494": "0.0.0.0/0",
                            "source_service_accounts.#": "0",
                            "source_tags.#": "0",
                            "target_service_accounts.#": "0",
                            "target_tags.#": "0"
                        },
                        "meta": {
                            "schema_version": "1"
                        },
                        "tainted": false
                    },
                    "deposed": [],
                    "provider": "provider.google"
                },
                "google_compute_instance.httpd-service-containeru": {
                    "type": "google_compute_instance",
                    "depends_on": [],
                    "primary": {
                        "id": "ci-srvr04",
                        "attributes": {
                            "attached_disk.#": "0",
                            "boot_disk.#": "1",
                            "boot_disk.0.auto_delete": "true",
                            "boot_disk.0.device_name": "persistent-disk-0",
                            "boot_disk.0.disk_encryption_key_raw": "",
                            "boot_disk.0.disk_encryption_key_sha256": "",
                            "boot_disk.0.initialize_params.#": "1",
                            "boot_disk.0.initialize_params.0.image": "https://www.googleapis.com/compute/v1/projects/centos-cloud/global/images/centos-7-v20180507",
                            "boot_disk.0.initialize_params.0.size": "10",
                            "boot_disk.0.initialize_params.0.type": "pd-standard",
                            "boot_disk.0.source": "https://www.googleapis.com/compute/v1/projects/httpd-service-container/zones/us-east1-b/disks/ci-srvr04",
                            "can_ip_forward": "false",
                            "cpu_platform": "Intel Haswell",
                            "create_timeout": "4",
                            "deletion_protection": "false",
                            "guest_accelerator.#": "0",
                            "id": "ci-srvr04",
                            "instance_id": "8909456736291453661",
                            "label_fingerprint": "42WmSpB8rSM=",
                            "machine_type": "n1-standard-1",
                            "metadata.%": "2",
                            "metadata.sshKeys": "gilberto_morales:ssh-rsa AAAAB3NzaC1yc2EAAAADAQABAAABAQCh0coQVhF19oAnVAwDXs1zqO5w2ENloysPCHSihnN80bXO959qD0Hgo0dYKoyLsPmM3QsmY+NQ5PZ5AzcinsDEU1+RE/Y/dbr5eUa/WSv/3Vs2Gd2kJoX+labKTlvwWQaTLYeeSBOV+SfYq/Um5J3zWv4zYqOxXUjh1quplyW0DADYceWLbRZxE6G+e+JtrcNQoUUusNdJ365CZKesOUXCKN3+GgtWki2nmHEpOXd4aXJsd8p+LGNA26XnE1BktSfREssU2dMbCyCyvSpOg8rOvusYuml6p+cVGLNSQTyz4mEIvcjGgh07782xMIPHFezSKMM77Tp4RjnRq7jROVbx gilberto_morales@ci-srvr01",
                            "metadata.startup-script": "#!/bin/bash\nsudo yum -y install wget\nsudo wget -O /etc/yum.repos.d/jenkins.repo http://pkg.jenkins-ci.org/redhat/jenkins.repo\nsudo rpm --import https://jenkins-ci.org/redhat/jenkins-ci.org.key\nsudo yum -y install jenkins\nsudo yum install -y java-1.8.0-openjdk\nsudo yum -y install java\nsudo service jenkins start\nsudo yum install -y subscription-manager\n#sudo subscription-manager repos --enable rhel-7-server-ansible-2.5-rpms\nsudo yum -y install ansible\nsudo yum install -y git\nsudo yum install - y lynx\n",
                            "metadata_fingerprint": "MofEeGHga3U=",
                            "min_cpu_platform": "",
                            "name": "ci-srvr04",
                            "network_interface.#": "1",
                            "network_interface.0.access_config.#": "1",
                            "network_interface.0.access_config.0.assigned_nat_ip": "104.196.25.244",
                            "network_interface.0.access_config.0.nat_ip": "104.196.25.244",
                            "network_interface.0.access_config.0.public_ptr_domain_name": "",
                            "network_interface.0.address": "10.142.0.5",
                            "network_interface.0.alias_ip_range.#": "0",
                            "network_interface.0.name": "nic0",
                            "network_interface.0.network": "https://www.googleapis.com/compute/v1/projects/httpd-service-container/global/networks/default",
                            "network_interface.0.network_ip": "10.142.0.5",
                            "network_interface.0.subnetwork": "https://www.googleapis.com/compute/v1/projects/httpd-service-container/regions/us-east1/subnetworks/default",
                            "network_interface.0.subnetwork_project": "httpd-service-container",
                            "project": "httpd-service-container",
                            "scheduling.#": "1",
                            "scheduling.0.automatic_restart": "true",
                            "scheduling.0.on_host_maintenance": "MIGRATE",
                            "scheduling.0.preemptible": "false",
                            "scratch_disk.#": "0",
                            "self_link": "https://www.googleapis.com/compute/v1/projects/httpd-service-container/zones/us-east1-b/instances/ci-srvr04",
                            "service_account.#": "0",
                            "tags.#": "0",
                            "tags_fingerprint": "42WmSpB8rSM=",
                            "zone": "us-east1-b"
                        },
                        "meta": {
                            "e2bfb730-ecaa-11e6-8f88-34363bc7c4c0": {
                                "create": 360000000000,
                                "delete": 360000000000,
                                "update": 360000000000
                            },
                            "schema_version": "6"
                        },
                        "tainted": false
                    },
                    "deposed": [],
                    "provider": "provider.google"
                }
            },
            "depends_on": []
        }
    ]
}
